
Microsoft Visual Studio Solution File, Format Version 12.00
# Visual Studio Version 17
VisualStudioVersion = 17.0.31903.59
MinimumVisualStudioVersion = 10.0.40219.1
Project("{FAE04EC0-301F-11D3-BF4B-00C04F79EFBC}") = "SecretosParaContar.API", "SecretosParaContar.API\SecretosParaContar.API.csproj", "{ECA161FB-7267-49EB-A854-CBE4E186B015}"
EndProject
Project("{FAE04EC0-301F-11D3-BF4B-00C04F79EFBC}") = "SecretosParaContar.Business", "SecretosParaContar.Business\SecretosParaContar.Business.csproj", "{EE9CFEAD-0575-40E9-B209-B917560634B9}"
EndProject
Project("{FAE04EC0-301F-11D3-BF4B-00C04F79EFBC}") = "SecretosParaContar.Data", "SecretosParaContar.Data\SecretosParaContar.Data.csproj", "{FE8009CE-AF17-4BF0-A940-FF7BE37DDEEA}"
EndProject
Project("{FAE04EC0-301F-11D3-BF4B-00C04F79EFBC}") = "SecretosParaContar.testing", "SecretosParaContar.testing\SecretosParaContar.testing.csproj", "{5EDA90FC-D5C9-4BF3-B7B2-E6E0FED4274D}"
EndProject
Global
	GlobalSection(SolutionConfigurationPlatforms) = preSolution
		Debug|Any CPU = Debug|Any CPU
		Release|Any CPU = Release|Any CPU
	EndGlobalSection
	GlobalSection(SolutionProperties) = preSolution
		HideSolutionNode = FALSE
	EndGlobalSection
	GlobalSection(ProjectConfigurationPlatforms) = postSolution
		{ECA161FB-7267-49EB-A854-CBE4E186B015}.Debug|Any CPU.ActiveCfg = Debug|Any CPU
		{ECA161FB-7267-49EB-A854-CBE4E186B015}.Debug|Any CPU.Build.0 = Debug|Any CPU
		{ECA161FB-7267-49EB-A854-CBE4E186B015}.Release|Any CPU.ActiveCfg = Release|Any CPU
		{ECA161FB-7267-49EB-A854-CBE4E186B015}.Release|Any CPU.Build.0 = Release|Any CPU
		{EE9CFEAD-0575-40E9-B209-B917560634B9}.Debug|Any CPU.ActiveCfg = Debug|Any CPU
		{EE9CFEAD-0575-40E9-B209-B917560634B9}.Debug|Any CPU.Build.0 = Debug|Any CPU
		{EE9CFEAD-0575-40E9-B209-B917560634B9}.Release|Any CPU.ActiveCfg = Release|Any CPU
		{EE9CFEAD-0575-40E9-B209-B917560634B9}.Release|Any CPU.Build.0 = Release|Any CPU
		{FE8009CE-AF17-4BF0-A940-FF7BE37DDEEA}.Debug|Any CPU.ActiveCfg = Debug|Any CPU
		{FE8009CE-AF17-4BF0-A940-FF7BE37DDEEA}.Debug|Any CPU.Build.0 = Debug|Any CPU
		{FE8009CE-AF17-4BF0-A940-FF7BE37DDEEA}.Release|Any CPU.ActiveCfg = Release|Any CPU
		{FE8009CE-AF17-4BF0-A940-FF7BE37DDEEA}.Release|Any CPU.Build.0 = Release|Any CPU
		{5EDA90FC-D5C9-4BF3-B7B2-E6E0FED4274D}.Debug|Any CPU.ActiveCfg = Debug|Any CPU
		{5EDA90FC-D5C9-4BF3-B7B2-E6E0FED4274D}.Debug|Any CPU.Build.0 = Debug|Any CPU
		{5EDA90FC-D5C9-4BF3-B7B2-E6E0FED4274D}.Release|Any CPU.ActiveCfg = Release|Any CPU
		{5EDA90FC-D5C9-4BF3-B7B2-E6E0FED4274D}.Release|Any CPU.Build.0 = Release|Any CPU
	EndGlobalSection
EndGlobal
